
Microsoft Visual Studio Solution File, Format Version 12.00
# Visual Studio Version 17
VisualStudioVersion = 17.4.33110.190
MinimumVisualStudioVersion = 10.0.40219.1
Project("{FAE04EC0-301F-11D3-BF4B-00C04F79EFBC}") = "Market", "Market\Market.csproj", "{2B98D68F-B769-4761-83B2-F635A1816EEA}"
EndProject
Global
	GlobalSection(SolutionConfigurationPlatforms) = preSolution
		Debug|Any CPU = Debug|Any CPU
		Release|Any CPU = Release|Any CPU
	EndGlobalSection
	GlobalSection(ProjectConfigurationPlatforms) = postSolution
		{2B98D68F-B769-4761-83B2-F635A1816EEA}.Debug|Any CPU.ActiveCfg = Debug|Any CPU
		{2B98D68F-B769-4761-83B2-F635A1816EEA}.Debug|Any CPU.Build.0 = Debug|Any CPU
		{2B98D68F-B769-4761-83B2-F635A1816EEA}.Release|Any CPU.ActiveCfg = Release|Any CPU
		{2B98D68F-B769-4761-83B2-F635A1816EEA}.Release|Any CPU.Build.0 = Release|Any CPU
	EndGlobalSection
	GlobalSection(SolutionProperties) = preSolution
		HideSolutionNode = FALSE
	EndGlobalSection
	GlobalSection(ExtensibilityGlobals) = postSolution
		SolutionGuid = {4863BE77-407F-4C93-928A-E0AEF2CE00E1}
	EndGlobalSection
EndGlobal
